{
  "name": "whatsapp-dashboard-worker",
  "version": "1.0.0",
  "lockfileVersion": 3,
  "requires": true,
  "packages": {
    "": {
      "name": "whatsapp-dashboard-worker",
      "version": "1.0.0",
      "dependencies": {
        "itty-router": "^5.0.18"
      }
    },
    "node_modules/itty-router": {
      "version": "5.0.24",
      "resolved": "https://registry.npmjs.org/itty-router/-/itty-router-5.0.24.tgz",
      "integrity": "sha512-PXij1qGKtE6jg3dLgrTRdh/Frovl5Wc4Av67sD2xfhDPrgNt4u79++/il8/c/OfZGkhD/8uYJub8tjo+H165rA==",
      "license": "MIT"
    }
  }
}
